Microsoft Visual Studio Solution File, Format Version 12.00
# Visual Studio Version 18
VisualStudioVersion = 18.1.11312.151
MinimumVisualStudioVersion = 10.0.40219.1
Project("{9A19103F-16F7-4668-BE54-9A1E7A4F7556}") = "Retailer.Web", "Retailer_Web\Retailer.Web.csproj", "{2CFC5E73-14C0-4814-9B49-72F1AF3E50BD}"
EndProject
Project("{9A19103F-16F7-4668-BE54-9A1E7A4F7556}") = "AuthModule.API", "AuthModule.API\AuthModule.API.csproj", "{929F0D72-BFEF-4C2D-BC51-C8F483DD4018}"
EndProject
Project("{FAE04EC0-301F-11D3-BF4B-00C04F79EFBC}") = "Retailer.Api", "Retailer.Api\Retailer.Api.csproj", "{8CC4A708-7CBE-2C72-9332-705638272E46}"
EndProject
Global
	GlobalSection(SolutionConfigurationPlatforms) = preSolution
		Debug|Any CPU = Debug|Any CPU
		Release|Any CPU = Release|Any CPU
	EndGlobalSection
	GlobalSection(ProjectConfigurationPlatforms) = postSolution
		{2CFC5E73-14C0-4814-9B49-72F1AF3E50BD}.Debug|Any CPU.ActiveCfg = Debug|Any CPU
		{2CFC5E73-14C0-4814-9B49-72F1AF3E50BD}.Debug|Any CPU.Build.0 = Debug|Any CPU
		{2CFC5E73-14C0-4814-9B49-72F1AF3E50BD}.Release|Any CPU.ActiveCfg = Release|Any CPU
		{2CFC5E73-14C0-4814-9B49-72F1AF3E50BD}.Release|Any CPU.Build.0 = Release|Any CPU
		{929F0D72-BFEF-4C2D-BC51-C8F483DD4018}.Debug|Any CPU.ActiveCfg = Debug|Any CPU
		{929F0D72-BFEF-4C2D-BC51-C8F483DD4018}.Debug|Any CPU.Build.0 = Debug|Any CPU
		{929F0D72-BFEF-4C2D-BC51-C8F483DD4018}.Release|Any CPU.ActiveCfg = Release|Any CPU
		{929F0D72-BFEF-4C2D-BC51-C8F483DD4018}.Release|Any CPU.Build.0 = Release|Any CPU
		{8CC4A708-7CBE-2C72-9332-705638272E46}.Debug|Any CPU.ActiveCfg = Debug|Any CPU
		{8CC4A708-7CBE-2C72-9332-705638272E46}.Debug|Any CPU.Build.0 = Debug|Any CPU
		{8CC4A708-7CBE-2C72-9332-705638272E46}.Release|Any CPU.ActiveCfg = Release|Any CPU
		{8CC4A708-7CBE-2C72-9332-705638272E46}.Release|Any CPU.Build.0 = Release|Any CPU
	EndGlobalSection
	GlobalSection(SolutionProperties) = preSolution
		HideSolutionNode = FALSE
	EndGlobalSection
	GlobalSection(ExtensibilityGlobals) = postSolution
		SolutionGuid = {9E6F488E-C006-44B5-8813-D0018C76D134}
	EndGlobalSection
EndGlobal
